
Microsoft Visual Studio Solution File, Format Version 12.00
# Visual Studio Version 16
VisualStudioVersion = 16.0.29613.14
MinimumVisualStudioVersion = 10.0.40219.1
Project("{FAE04EC0-301F-11D3-BF4B-00C04F79EFBC}") = "Challenge3", "Challenge3.csproj", "{6A8747DD-E997-4E5D-8C30-DC2870E70122}"
EndProject
Global
	GlobalSection(SolutionConfigurationPlatforms) = preSolution
		Debug|Any CPU = Debug|Any CPU
		Release|Any CPU = Release|Any CPU
	EndGlobalSection
	GlobalSection(ProjectConfigurationPlatforms) = postSolution
		{6A8747DD-E997-4E5D-8C30-DC2870E70122}.Debug|Any CPU.ActiveCfg = Debug|Any CPU
		{6A8747DD-E997-4E5D-8C30-DC2870E70122}.Debug|Any CPU.Build.0 = Debug|Any CPU
		{6A8747DD-E997-4E5D-8C30-DC2870E70122}.Release|Any CPU.ActiveCfg = Release|Any CPU
		{6A8747DD-E997-4E5D-8C30-DC2870E70122}.Release|Any CPU.Build.0 = Release|Any CPU
	EndGlobalSection
	GlobalSection(SolutionProperties) = preSolution
		HideSolutionNode = FALSE
	EndGlobalSection
	GlobalSection(ExtensibilityGlobals) = postSolution
		SolutionGuid = {1B9B1646-4F3C-48ED-B171-123139FCF635}
	EndGlobalSection
EndGlobal
