
Microsoft Visual Studio Solution File, Format Version 12.00
# Visual Studio Version 16
VisualStudioVersion = 16.0.29613.14
MinimumVisualStudioVersion = 10.0.40219.1
Project("{FAE04EC0-301F-11D3-BF4B-00C04F79EFBC}") = "Challenge2", "Challenge2.csproj", "{A3E7D773-F3B8-494E-8811-B171E71878B8}"
EndProject
Global
	GlobalSection(SolutionConfigurationPlatforms) = preSolution
		Debug|Any CPU = Debug|Any CPU
		Release|Any CPU = Release|Any CPU
	EndGlobalSection
	GlobalSection(ProjectConfigurationPlatforms) = postSolution
		{A3E7D773-F3B8-494E-8811-B171E71878B8}.Debug|Any CPU.ActiveCfg = Debug|Any CPU
		{A3E7D773-F3B8-494E-8811-B171E71878B8}.Debug|Any CPU.Build.0 = Debug|Any CPU
		{A3E7D773-F3B8-494E-8811-B171E71878B8}.Release|Any CPU.ActiveCfg = Release|Any CPU
		{A3E7D773-F3B8-494E-8811-B171E71878B8}.Release|Any CPU.Build.0 = Release|Any CPU
	EndGlobalSection
	GlobalSection(SolutionProperties) = preSolution
		HideSolutionNode = FALSE
	EndGlobalSection
	GlobalSection(ExtensibilityGlobals) = postSolution
		SolutionGuid = {2A40A398-CD49-428D-9F10-A3EA0E016217}
	EndGlobalSection
EndGlobal
